
Microsoft Visual Studio Solution File, Format Version 12.00
# Visual Studio Version 16
VisualStudioVersion = 16.0.29123.88
MinimumVisualStudioVersion = 10.0.40219.1
Project("{9A19103F-16F7-4668-BE54-9A1E7A4F7556}") = "Boomerang.Web", "src\Boomerang.Web\Boomerang.Web.csproj", "{C9949F4C-14D7-47FE-BED3-0519E3FE2A17}"
EndProject
Project("{2150E333-8FDC-42A3-9474-1A3956D46DE8}") = "Tests", "Tests", "{26BE18BB-9F26-4522-99F1-9AA255D862CD}"
EndProject
Project("{9A19103F-16F7-4668-BE54-9A1E7A4F7556}") = "Boomerang.Web.Tests.Integration", "test\Boomerang.Web.Tests.Integration\Boomerang.Web.Tests.Integration.csproj", "{76278D3E-2A64-4E26-8FA7-D06D389A3B3E}"
EndProject
Project("{2150E333-8FDC-42A3-9474-1A3956D46DE8}") = "Solution Items", "Solution Items", "{BD188E2D-4F8A-438D-8CCA-1191E01398C1}"
	ProjectSection(SolutionItems) = preProject
		.editorconfig = .editorconfig
	EndProjectSection
EndProject
Project("{9A19103F-16F7-4668-BE54-9A1E7A4F7556}") = "Boomerang.Api.Tests.Integration", "test\Boomerange.Api.Tests.Integration\Boomerang.Api.Tests.Integration.csproj", "{E29B1F70-3495-4FAE-AAC5-3CD7ECE6CC85}"
EndProject
Project("{9A19103F-16F7-4668-BE54-9A1E7A4F7556}") = "Boomerang.Api", "src\Boomerang.Api\Boomerang.Api.csproj", "{08081FD1-3F6E-47A7-91F4-4E3505CC2E00}"
EndProject
Project("{FAE04EC0-301F-11D3-BF4B-00C04F79EFBC}") = "Boomerang.Api.Models", "src\Boomerang.Api.Models\Boomerang.Api.Models.csproj", "{9F0D551F-38FF-4894-A9CA-4BADB3FA6D1B}"
EndProject
Global
	GlobalSection(SolutionConfigurationPlatforms) = preSolution
		Debug|Any CPU = Debug|Any CPU
		Release|Any CPU = Release|Any CPU
	EndGlobalSection
	GlobalSection(ProjectConfigurationPlatforms) = postSolution
		{C9949F4C-14D7-47FE-BED3-0519E3FE2A17}.Debug|Any CPU.ActiveCfg = Debug|Any CPU
		{C9949F4C-14D7-47FE-BED3-0519E3FE2A17}.Debug|Any CPU.Build.0 = Debug|Any CPU
		{C9949F4C-14D7-47FE-BED3-0519E3FE2A17}.Release|Any CPU.ActiveCfg = Release|Any CPU
		{C9949F4C-14D7-47FE-BED3-0519E3FE2A17}.Release|Any CPU.Build.0 = Release|Any CPU
		{76278D3E-2A64-4E26-8FA7-D06D389A3B3E}.Debug|Any CPU.ActiveCfg = Debug|Any CPU
		{76278D3E-2A64-4E26-8FA7-D06D389A3B3E}.Debug|Any CPU.Build.0 = Debug|Any CPU
		{76278D3E-2A64-4E26-8FA7-D06D389A3B3E}.Release|Any CPU.ActiveCfg = Release|Any CPU
		{76278D3E-2A64-4E26-8FA7-D06D389A3B3E}.Release|Any CPU.Build.0 = Release|Any CPU
		{E29B1F70-3495-4FAE-AAC5-3CD7ECE6CC85}.Debug|Any CPU.ActiveCfg = Debug|Any CPU
		{E29B1F70-3495-4FAE-AAC5-3CD7ECE6CC85}.Debug|Any CPU.Build.0 = Debug|Any CPU
		{E29B1F70-3495-4FAE-AAC5-3CD7ECE6CC85}.Release|Any CPU.ActiveCfg = Release|Any CPU
		{E29B1F70-3495-4FAE-AAC5-3CD7ECE6CC85}.Release|Any CPU.Build.0 = Release|Any CPU
		{08081FD1-3F6E-47A7-91F4-4E3505CC2E00}.Debug|Any CPU.ActiveCfg = Debug|Any CPU
		{08081FD1-3F6E-47A7-91F4-4E3505CC2E00}.Debug|Any CPU.Build.0 = Debug|Any CPU
		{08081FD1-3F6E-47A7-91F4-4E3505CC2E00}.Release|Any CPU.ActiveCfg = Release|Any CPU
		{08081FD1-3F6E-47A7-91F4-4E3505CC2E00}.Release|Any CPU.Build.0 = Release|Any CPU
		{9F0D551F-38FF-4894-A9CA-4BADB3FA6D1B}.Debug|Any CPU.ActiveCfg = Debug|Any CPU
		{9F0D551F-38FF-4894-A9CA-4BADB3FA6D1B}.Debug|Any CPU.Build.0 = Debug|Any CPU
		{9F0D551F-38FF-4894-A9CA-4BADB3FA6D1B}.Release|Any CPU.ActiveCfg = Release|Any CPU
		{9F0D551F-38FF-4894-A9CA-4BADB3FA6D1B}.Release|Any CPU.Build.0 = Release|Any CPU
	EndGlobalSection
	GlobalSection(SolutionProperties) = preSolution
		HideSolutionNode = FALSE
	EndGlobalSection
	GlobalSection(NestedProjects) = preSolution
		{76278D3E-2A64-4E26-8FA7-D06D389A3B3E} = {26BE18BB-9F26-4522-99F1-9AA255D862CD}
		{E29B1F70-3495-4FAE-AAC5-3CD7ECE6CC85} = {26BE18BB-9F26-4522-99F1-9AA255D862CD}
	EndGlobalSection
	GlobalSection(ExtensibilityGlobals) = postSolution
		SolutionGuid = {C647F796-221C-41F2-8842-7B182D1779C4}
	EndGlobalSection
EndGlobal
